
Microsoft Visual Studio Solution File, Format Version 12.00
# Visual Studio Version 16
VisualStudioVersion = 16.0.30523.141
MinimumVisualStudioVersion = 10.0.40219.1
Project("{FAE04EC0-301F-11D3-BF4B-00C04F79EFBC}") = "MyAnime_WPF", "MyAnime_WPF\MyAnime_WPF.csproj", "{99502094-7603-4C73-AAF9-31C40489FB4F}"
EndProject
Project("{FAE04EC0-301F-11D3-BF4B-00C04F79EFBC}") = "MyAnime_DAL", "MyAnime_DAL\MyAnime_DAL.csproj", "{C255C3B3-C12D-43CE-A50D-F5B4AFD71AB0}"
EndProject
Global
	GlobalSection(SolutionConfigurationPlatforms) = preSolution
		Debug|Any CPU = Debug|Any CPU
		Release|Any CPU = Release|Any CPU
	EndGlobalSection
	GlobalSection(ProjectConfigurationPlatforms) = postSolution
		{99502094-7603-4C73-AAF9-31C40489FB4F}.Debug|Any CPU.ActiveCfg = Debug|Any CPU
		{99502094-7603-4C73-AAF9-31C40489FB4F}.Debug|Any CPU.Build.0 = Debug|Any CPU
		{99502094-7603-4C73-AAF9-31C40489FB4F}.Release|Any CPU.ActiveCfg = Release|Any CPU
		{99502094-7603-4C73-AAF9-31C40489FB4F}.Release|Any CPU.Build.0 = Release|Any CPU
		{C255C3B3-C12D-43CE-A50D-F5B4AFD71AB0}.Debug|Any CPU.ActiveCfg = Debug|Any CPU
		{C255C3B3-C12D-43CE-A50D-F5B4AFD71AB0}.Debug|Any CPU.Build.0 = Debug|Any CPU
		{C255C3B3-C12D-43CE-A50D-F5B4AFD71AB0}.Release|Any CPU.ActiveCfg = Release|Any CPU
		{C255C3B3-C12D-43CE-A50D-F5B4AFD71AB0}.Release|Any CPU.Build.0 = Release|Any CPU
	EndGlobalSection
	GlobalSection(SolutionProperties) = preSolution
		HideSolutionNode = FALSE
	EndGlobalSection
	GlobalSection(ExtensibilityGlobals) = postSolution
		SolutionGuid = {44344252-EEFE-4523-83FF-5AB678DE3FAC}
	EndGlobalSection
EndGlobal
